
Microsoft Visual Studio Solution File, Format Version 12.00
# Visual Studio Version 16
VisualStudioVersion = 16.0.30611.23
MinimumVisualStudioVersion = 10.0.40219.1
Project("{FAE04EC0-301F-11D3-BF4B-00C04F79EFBC}") = "auto_app", "auto_app\auto_app.csproj", "{B2E7E82D-C507-4DA7-AD05-19A8A310BA15}"
EndProject
Global
	GlobalSection(SolutionConfigurationPlatforms) = preSolution
		Debug|Any CPU = Debug|Any CPU
		Release|Any CPU = Release|Any CPU
	EndGlobalSection
	GlobalSection(ProjectConfigurationPlatforms) = postSolution
		{B2E7E82D-C507-4DA7-AD05-19A8A310BA15}.Debug|Any CPU.ActiveCfg = Debug|Any CPU
		{B2E7E82D-C507-4DA7-AD05-19A8A310BA15}.Debug|Any CPU.Build.0 = Debug|Any CPU
		{B2E7E82D-C507-4DA7-AD05-19A8A310BA15}.Release|Any CPU.ActiveCfg = Release|Any CPU
		{B2E7E82D-C507-4DA7-AD05-19A8A310BA15}.Release|Any CPU.Build.0 = Release|Any CPU
	EndGlobalSection
	GlobalSection(SolutionProperties) = preSolution
		HideSolutionNode = FALSE
	EndGlobalSection
	GlobalSection(ExtensibilityGlobals) = postSolution
		SolutionGuid = {A584925F-6250-40AB-BCE4-320C81A76F15}
	EndGlobalSection
EndGlobal
